
Microsoft Visual Studio Solution File, Format Version 12.00
# Visual Studio Version 17
VisualStudioVersion = 17.2.32519.379
MinimumVisualStudioVersion = 10.0.40219.1
Project("{8BC9CEB8-8B4A-11D0-8D11-00A0C91BC942}") = "acsalt", "acsalt\acsalt.vcxproj", "{B79A3E9A-9D9A-4E7E-9F21-50F6B5160A1D}"
EndProject
Project("{2150E333-8FDC-42A3-9474-1A3956D46DE8}") = "Solution Items", "Solution Items", "{F2AE8CAF-3D9F-4860-812F-17F779A22152}"
	ProjectSection(SolutionItems) = preProject
		.gitattributes = .gitattributes
		.gitignore = .gitignore
	EndProjectSection
EndProject
Global
	GlobalSection(SolutionConfigurationPlatforms) = preSolution
		Debug|x64 = Debug|x64
		Debug|x86 = Debug|x86
		Release|x64 = Release|x64
		Release|x86 = Release|x86
	EndGlobalSection
	GlobalSection(ProjectConfigurationPlatforms) = postSolution
		{B79A3E9A-9D9A-4E7E-9F21-50F6B5160A1D}.Debug|x64.ActiveCfg = Debug|x64
		{B79A3E9A-9D9A-4E7E-9F21-50F6B5160A1D}.Debug|x64.Build.0 = Debug|x64
		{B79A3E9A-9D9A-4E7E-9F21-50F6B5160A1D}.Debug|x86.ActiveCfg = Debug|Win32
		{B79A3E9A-9D9A-4E7E-9F21-50F6B5160A1D}.Debug|x86.Build.0 = Debug|Win32
		{B79A3E9A-9D9A-4E7E-9F21-50F6B5160A1D}.Release|x64.ActiveCfg = Release|x64
		{B79A3E9A-9D9A-4E7E-9F21-50F6B5160A1D}.Release|x64.Build.0 = Release|x64
		{B79A3E9A-9D9A-4E7E-9F21-50F6B5160A1D}.Release|x86.ActiveCfg = Release|Win32
		{B79A3E9A-9D9A-4E7E-9F21-50F6B5160A1D}.Release|x86.Build.0 = Release|Win32
	EndGlobalSection
	GlobalSection(SolutionProperties) = preSolution
		HideSolutionNode = FALSE
	EndGlobalSection
	GlobalSection(ExtensibilityGlobals) = postSolution
		SolutionGuid = {96D00744-AE1A-42CD-8382-FA9A3FDAA0D0}
	EndGlobalSection
EndGlobal
